
Microsoft Visual Studio Solution File, Format Version 12.00
# Visual Studio Version 17
VisualStudioVersion = 17.0.31903.59
MinimumVisualStudioVersion = 10.0.40219.1
Project("{FAE04EC0-301F-11D3-BF4B-00C04F79EFBC}") = "Approval.Data", "Approval.Data\Approval.Data.csproj", "{C775F5D0-827F-4742-AEC6-3334EBFFDD48}"
EndProject
Project("{FAE04EC0-301F-11D3-BF4B-00C04F79EFBC}") = "Approval.Web", "Approval.Web\Approval.Web.csproj", "{19A6AF6F-D096-4238-AF3F-086DF2558B15}"
EndProject
Project("{FAE04EC0-301F-11D3-BF4B-00C04F79EFBC}") = "Approval.Tests", "Approval.Tests\Approval.Tests.csproj", "{1F485065-30AF-4CDD-BA67-0907FEE35CDE}"
EndProject
Global
	GlobalSection(SolutionConfigurationPlatforms) = preSolution
		Debug|Any CPU = Debug|Any CPU
		Release|Any CPU = Release|Any CPU
	EndGlobalSection
	GlobalSection(SolutionProperties) = preSolution
		HideSolutionNode = FALSE
	EndGlobalSection
	GlobalSection(ProjectConfigurationPlatforms) = postSolution
		{C775F5D0-827F-4742-AEC6-3334EBFFDD48}.Debug|Any CPU.ActiveCfg = Debug|Any CPU
		{C775F5D0-827F-4742-AEC6-3334EBFFDD48}.Debug|Any CPU.Build.0 = Debug|Any CPU
		{C775F5D0-827F-4742-AEC6-3334EBFFDD48}.Release|Any CPU.ActiveCfg = Release|Any CPU
		{C775F5D0-827F-4742-AEC6-3334EBFFDD48}.Release|Any CPU.Build.0 = Release|Any CPU
		{19A6AF6F-D096-4238-AF3F-086DF2558B15}.Debug|Any CPU.ActiveCfg = Debug|Any CPU
		{19A6AF6F-D096-4238-AF3F-086DF2558B15}.Debug|Any CPU.Build.0 = Debug|Any CPU
		{19A6AF6F-D096-4238-AF3F-086DF2558B15}.Release|Any CPU.ActiveCfg = Release|Any CPU
		{19A6AF6F-D096-4238-AF3F-086DF2558B15}.Release|Any CPU.Build.0 = Release|Any CPU
		{1F485065-30AF-4CDD-BA67-0907FEE35CDE}.Debug|Any CPU.ActiveCfg = Debug|Any CPU
		{1F485065-30AF-4CDD-BA67-0907FEE35CDE}.Debug|Any CPU.Build.0 = Debug|Any CPU
		{1F485065-30AF-4CDD-BA67-0907FEE35CDE}.Release|Any CPU.ActiveCfg = Release|Any CPU
		{1F485065-30AF-4CDD-BA67-0907FEE35CDE}.Release|Any CPU.Build.0 = Release|Any CPU
	EndGlobalSection
EndGlobal
